
Microsoft Visual Studio Solution File, Format Version 12.00
# Visual Studio Version 16
VisualStudioVersion = 16.0.29230.47
MinimumVisualStudioVersion = 10.0.40219.1
Project("{FAE04EC0-301F-11D3-BF4B-00C04F79EFBC}") = "BlueIrisPerformanceAdvisor", "BlueIrisPerformanceAdvisor\BlueIrisPerformanceAdvisor.csproj", "{A4B1E77B-7F0E-4EF5-BA3F-2BABFE1EDD45}"
EndProject
Project("{FAE04EC0-301F-11D3-BF4B-00C04F79EFBC}") = "BPUtil", "..\BPUtil\BPUtil\BPUtil.csproj", "{A4981D8D-DEBF-4B34-B9CE-FF25520A02B7}"
EndProject
Project("{FAE04EC0-301F-11D3-BF4B-00C04F79EFBC}") = "BlueIrisRegistryReader", "..\BlueIrisRegistryReader\BlueIrisRegistryReader\BlueIrisRegistryReader.csproj", "{2988730A-35FC-4EB0-AA52-21264B8F4540}"
EndProject
Global
	GlobalSection(SolutionConfigurationPlatforms) = preSolution
		Debug|Any CPU = Debug|Any CPU
		Release|Any CPU = Release|Any CPU
	EndGlobalSection
	GlobalSection(ProjectConfigurationPlatforms) = postSolution
		{A4B1E77B-7F0E-4EF5-BA3F-2BABFE1EDD45}.Debug|Any CPU.ActiveCfg = Debug|Any CPU
		{A4B1E77B-7F0E-4EF5-BA3F-2BABFE1EDD45}.Debug|Any CPU.Build.0 = Debug|Any CPU
		{A4B1E77B-7F0E-4EF5-BA3F-2BABFE1EDD45}.Release|Any CPU.ActiveCfg = Release|Any CPU
		{A4B1E77B-7F0E-4EF5-BA3F-2BABFE1EDD45}.Release|Any CPU.Build.0 = Release|Any CPU
		{A4981D8D-DEBF-4B34-B9CE-FF25520A02B7}.Debug|Any CPU.ActiveCfg = Debug|Any CPU
		{A4981D8D-DEBF-4B34-B9CE-FF25520A02B7}.Debug|Any CPU.Build.0 = Debug|Any CPU
		{A4981D8D-DEBF-4B34-B9CE-FF25520A02B7}.Release|Any CPU.ActiveCfg = Release|Any CPU
		{A4981D8D-DEBF-4B34-B9CE-FF25520A02B7}.Release|Any CPU.Build.0 = Release|Any CPU
		{2988730A-35FC-4EB0-AA52-21264B8F4540}.Debug|Any CPU.ActiveCfg = Debug|Any CPU
		{2988730A-35FC-4EB0-AA52-21264B8F4540}.Debug|Any CPU.Build.0 = Debug|Any CPU
		{2988730A-35FC-4EB0-AA52-21264B8F4540}.Release|Any CPU.ActiveCfg = Release|Any CPU
		{2988730A-35FC-4EB0-AA52-21264B8F4540}.Release|Any CPU.Build.0 = Release|Any CPU
	EndGlobalSection
	GlobalSection(SolutionProperties) = preSolution
		HideSolutionNode = FALSE
	EndGlobalSection
	GlobalSection(ExtensibilityGlobals) = postSolution
		SolutionGuid = {BB326162-26E2-472F-AA70-F3F1ACF0EF31}
	EndGlobalSection
EndGlobal
